// !$*UTF8*$!
{
	archiveVersion = 1;
	classes = {
	};
	objectVersion = 50;
	objects = {

/* Begin PBXBuildFile section */
		0D04CFFA23B2B8A7006B12E7 /* AppDelegate.swift in Sources */ = {isa = PBXBuildFile; fileRef = 0D04CFF923B2B8A7006B12E7 /* AppDelegate.swift */; };
		0D04CFFC23B2B8A7006B12E7 /* SceneDelegate.swift in Sources */ = {isa = PBXBuildFile; fileRef = 0D04CFFB23B2B8A7006B12E7 /* SceneDelegate.swift */; };
		0D04CFFE23B2B8A7006B12E7 /* ViewController.swift in Sources */ = {isa = PBXBuildFile; fileRef = 0D04CFFD23B2B8A7006B12E7 /* ViewController.swift */; };
		0D04D00123B2B8A7006B12E7 /* Main.storyboard in Resources */ = {isa = PBXBuildFile; fileRef = 0D04CFFF23B2B8A7006B12E7 /* Main.storyboard */; };
		0D04D00323B2B8AA006B12E7 /* Assets.xcassets in Resources */ = {isa = PBXBuildFile; fileRef = 0D04D00223B2B8AA006B12E7 /* Assets.xcassets */; };
		0D04D00623B2B8AA006B12E7 /* LaunchScreen.storyboard in Resources */ = {isa = PBXBuildFile; fileRef = 0D04D00423B2B8AA006B12E7 /* LaunchScreen.storyboard */; };
		0D04D01123B2B8AB006B12E7 /* HelloWorldDemoTests.swift in Sources */ = {isa = PBXBuildFile; fileRef = 0D04D01023B2B8AB006B12E7 /* HelloWorldDemoTests.swift */; };
		0D04D01C23B2B8AB006B12E7 /* HelloWorldDemoUITests.swift in Sources */ = {isa = PBXBuildFile; fileRef = 0D04D01B23B2B8AB006B12E7 /* HelloWorldDemoUITests.swift */; };
/* End PBXBuildFile section */

/* Begin PBXContainerItemProxy section */
		0D04D00D23B2B8AB006B12E7 /* PBXContainerItemProxy */ = {
			isa = PBXContainerItemProxy;
			containerPortal = 0D04CFEE23B2B8A7006B12E7 /* Project object */;
			proxyType = 1;
			remoteGlobalIDString = 0D04CFF523B2B8A7006B12E7;
			remoteInfo = HelloWorldDemo;
		};
		0D04D01823B2B8AB006B12E7 /* PBXContainerItemProxy */ = {
			isa = PBXContainerItemProxy;
			containerPortal = 0D04CFEE23B2B8A7006B12E7 /* Project object */;
			proxyType = 1;
			remoteGlobalIDString = 0D04CFF523B2B8A7006B12E7;
			remoteInfo = HelloWorldDemo;
		};
/* End PBXContainerItemProxy section */

/* Begin PBXFileReference section */
		0D04CFF623B2B8A7006B12E7 /* HelloWorldDemo.app */ = {isa = PBXFileReference; explicitFileType = wrapper.application; includeInIndex = 0; path = HelloWorldDemo.app; sourceTree = BUILT_PRODUCTS_DIR; };
		0D04CFF923B2B8A7006B12E7 /* AppDelegate.swift */ = {isa = PBXFileReference; lastKnownFileType = sourcecode.swift; path = AppDelegate.swift; sourceTree = "<group>"; };
		0D04CFFB23B2B8A7006B12E7 /* SceneDelegate.swift */ = {isa = PBXFileReference; lastKnownFileType = sourcecode.swift; path = SceneDelegate.swift; sourceTree = "<group>"; };
		0D04CFFD23B2B8A7006B12E7 /* ViewController.swift */ = {isa = PBXFileReference; lastKnownFileType = sourcecode.swift; path = ViewController.swift; sourceTree = "<group>"; };
		0D04D00023B2B8A7006B12E7 /* Base */ = {isa = PBXFileReference; lastKnownFileType = file.storyboard; name = Base; path = Base.lproj/Main.storyboard; sourceTree = "<group>"; };
		0D04D00223B2B8AA006B12E7 /* Assets.xcassets */ = {isa = PBXFileReference; lastKnownFileType = folder.assetcatalog; path = Assets.xcassets; sourceTree = "<group>"; };
		0D04D00523B2B8AA006B12E7 /* Base */ = {isa = PBXFileReference; lastKnownFileType = file.storyboard; name = Base; path = Base.lproj/LaunchScreen.storyboard; sourceTree = "<group>"; };
		0D04D00723B2B8AA006B12E7 /* Info.plist */ = {isa = PBXFileReference; lastKnownFileType = text.plist.xml; path = Info.plist; sourceTree = "<group>"; };
		0D04D00C23B2B8AB006B12E7 /* HelloWorldDemoTests.xctest */ = {isa = PBXFileReference; explicitFileType = wrapper.cfbundle; includeInIndex = 0; path = HelloWorldDemoTests.xctest; sourceTree = BUILT_PRODUCTS_DIR; };
		0D04D01023B2B8AB006B12E7 /* HelloWorldDemoTests.swift */ = {isa = PBXFileReference; lastKnownFileType = sourcecode.swift; path = HelloWorldDemoTests.swift; sourceTree = "<group>"; };
		0D04D01223B2B8AB006B12E7 /* Info.plist */ = {isa = PBXFileReference; lastKnownFileType = text.plist.xml; path = Info.plist; sourceTree = "<group>"; };
		0D04D01723B2B8AB006B12E7 /* HelloWorldDemoUITests.xctest */ = {isa = PBXFileReference; explicitFileType = wrapper.cfbundle; includeInIndex = 0; path = HelloWorldDemoUITests.xctest; sourceTree = BUILT_PRODUCTS_DIR; };
		0D04D01B23B2B8AB006B12E7 /* HelloWorldDemoUITests.swift */ = {isa = PBXFileReference; lastKnownFileType = sourcecode.swift; path = HelloWorldDemoUITests.swift; sourceTree = "<group>"; };
		0D04D01D23B2B8AB006B12E7 /* Info.plist */ = {isa = PBXFileReference; lastKnownFileType = text.plist.xml; path = Info.plist; sourceTree = "<group>"; };
/* End PBXFileReference section */

/* Begin PBXFrameworksBuildPhase section */
		0D04CFF323B2B8A7006B12E7 /* Frameworks */ = {
			isa = PBXFrameworksBuildPhase;
			buildActionMask = 2147483647;
			files = (
			);
			runOnlyForDeploymentPostprocessing = 0;
		};
		0D04D00923B2B8AB006B12E7 /* Frameworks */ = {
			isa = PBXFrameworksBuildPhase;
			buildActionMask = 2147483647;
			files = (
			);
			runOnlyForDeploymentPostprocessing = 0;
		};
		0D04D01423B2B8AB006B12E7 /* Frameworks */ = {
			isa = PBXFrameworksBuildPhase;
			buildActionMask = 2147483647;
			files = (
			);
			runOnlyForDeploymentPostprocessing = 0;
		};
/* End PBXFrameworksBuildPhase section */

/* Begin PBXGroup section */
		0D04CFED23B2B8A7006B12E7 = {
			isa = PBXGroup;
			children = (
				0D04CFF823B2B8A7006B12E7 /* HelloWorldDemo */,
				0D04D00F23B2B8AB006B12E7 /* HelloWorldDemoTests */,
				0D04D01A23B2B8AB006B12E7 /* HelloWorldDemoUITests */,
				0D04CFF723B2B8A7006B12E7 /* Products */,
			);
			sourceTree = "<group>";
		};
		0D04CFF723B2B8A7006B12E7 /* Products */ = {
			isa = PBXGroup;
			children = (
				0D04CFF623B2B8A7006B12E7 /* HelloWorldDemo.app */,
				0D04D00C23B2B8AB006B12E7 /* HelloWorldDemoTests.xctest */,
				0D04D01723B2B8AB006B12E7 /* HelloWorldDemoUITests.xctest */,
			);
			name = Products;
			sourceTree = "<group>";
		};
		0D04CFF823B2B8A7006B12E7 /* HelloWorldDemo */ = {
			isa = PBXGroup;
			children = (
				0D04CFF923B2B8A7006B12E7 /* AppDelegate.swift */,
				0D04CFFB23B2B8A7006B12E7 /* SceneDelegate.swift */,
				0D04CFFD23B2B8A7006B12E7 /* ViewController.swift */,
				0D04CFFF23B2B8A7006B12E7 /* Main.storyboard */,
				0D04D00223B2B8AA006B12E7 /* Assets.xcassets */,
				0D04D00423B2B8AA006B12E7 /* LaunchScreen.storyboard */,
				0D04D00723B2B8AA006B12E7 /* Info.plist */,
			);
			path = HelloWorldDemo;
			sourceTree = "<group>";
		};
		0D04D00F23B2B8AB006B12E7 /* HelloWorldDemoTests */ = {
			isa = PBXGroup;
			children = (
				0D04D01023B2B8AB006B12E7 /* HelloWorldDemoTests.swift */,
				0D04D01223B2B8AB006B12E7 /* Info.plist */,
			);
			path = HelloWorldDemoTests;
			sourceTree = "<group>";
		};
		0D04D01A23B2B8AB006B12E7 /* HelloWorldDemoUITests */ = {
			isa = PBXGroup;
			children = (
				0D04D01B23B2B8AB006B12E7 /* HelloWorldDemoUITests.swift */,
				0D04D01D23B2B8AB006B12E7 /* Info.plist */,
			);
			path = HelloWorldDemoUITests;
			sourceTree = "<group>";
		};
/* End PBXGroup section */

/* Begin PBXNativeTarget section */
		0D04CFF523B2B8A7006B12E7 /* HelloWorldDemo */ = {
			isa = PBXNativeTarget;
			buildConfigurationList = 0D04D02023B2B8AB006B12E7 /* Build configuration list for PBXNativeTarget "HelloWorldDemo" */;
			buildPhases = (
				0D04CFF223B2B8A7006B12E7 /* Sources */,
				0D04CFF323B2B8A7006B12E7 /* Frameworks */,
				0D04CFF423B2B8A7006B12E7 /* Resources */,
			);
			buildRules = (
			);
			dependencies = (
			);
			name = HelloWorldDemo;
			productName = HelloWorldDemo;
			productReference = 0D04CFF623B2B8A7006B12E7 /* HelloWorldDemo.app */;
			productType = "com.apple.product-type.application";
		};
		0D04D00B23B2B8AB006B12E7 /* HelloWorldDemoTests */ = {
			isa = PBXNativeTarget;
			buildConfigurationList = 0D04D02323B2B8AB006B12E7 /* Build configuration list for PBXNativeTarget "HelloWorldDemoTests" */;
			buildPhases = (
				0D04D00823B2B8AB006B12E7 /* Sources */,
				0D04D00923B2B8AB006B12E7 /* Frameworks */,
				0D04D00A23B2B8AB006B12E7 /* Resources */,
			);
			buildRules = (
			);
			dependencies = (
				0D04D00E23B2B8AB006B12E7 /* PBXTargetDependency */,
			);
			name = HelloWorldDemoTests;
			productName = HelloWorldDemoTests;
			productReference = 0D04D00C23B2B8AB006B12E7 /* HelloWorldDemoTests.xctest */;
			productType = "com.apple.product-type.bundle.unit-test";
		};
		0D04D01623B2B8AB006B12E7 /* HelloWorldDemoUITests */ = {
			isa = PBXNativeTarget;
			buildConfigurationList = 0D04D02623B2B8AB006B12E7 /* Build configuration list for PBXNativeTarget "HelloWorldDemoUITests" */;
			buildPhases = (
				0D04D01323B2B8AB006B12E7 /* Sources */,
				0D04D01423B2B8AB006B12E7 /* Frameworks */,
				0D04D01523B2B8AB006B12E7 /* Resources */,
			);
			buildRules = (
			);
			dependencies = (
				0D04D01923B2B8AB006B12E7 /* PBXTargetDependency */,
			);
			name = HelloWorldDemoUITests;
			productName = HelloWorldDemoUITests;
			productReference = 0D04D01723B2B8AB006B12E7 /* HelloWorldDemoUITests.xctest */;
			productType = "com.apple.product-type.bundle.ui-testing";
		};
/* End PBXNativeTarget section */

/* Begin PBXProject section */
		0D04CFEE23B2B8A7006B12E7 /* Project object */ = {
			isa = PBXProject;
			attributes = {
				LastSwiftUpdateCheck = 1130;
				LastUpgradeCheck = 1130;
				ORGANIZATIONNAME = natemek;
				TargetAttributes = {
					0D04CFF523B2B8A7006B12E7 = {
						CreatedOnToolsVersion = 11.3;
					};
					0D04D00B23B2B8AB006B12E7 = {
						CreatedOnToolsVersion = 11.3;
						TestTargetID = 0D04CFF523B2B8A7006B12E7;
					};
					0D04D01623B2B8AB006B12E7 = {
						CreatedOnToolsVersion = 11.3;
						TestTargetID = 0D04CFF523B2B8A7006B12E7;
					};
				};
			};
			buildConfigurationList = 0D04CFF123B2B8A7006B12E7 /* Build configuration list for PBXProject "HelloWorldDemo" */;
			compatibilityVersion = "Xcode 9.3";
			developmentRegion = en;
			hasScannedForEncodings = 0;
			knownRegions = (
				en,
				Base,
			);
			mainGroup = 0D04CFED23B2B8A7006B12E7;
			productRefGroup = 0D04CFF723B2B8A7006B12E7 /* Products */;
			projectDirPath = "";
			projectRoot = "";
			targets = (
				0D04CFF523B2B8A7006B12E7 /* HelloWorldDemo */,
				0D04D00B23B2B8AB006B12E7 /* HelloWorldDemoTests */,
				0D04D01623B2B8AB006B12E7 /* HelloWorldDemoUITests */,
			);
		};
/* End PBXProject section */

/* Begin PBXResourcesBuildPhase section */
		0D04CFF423B2B8A7006B12E7 /* Resources */ = {
			isa = PBXResourcesBuildPhase;
			buildActionMask = 2147483647;
			files = (
				0D04D00623B2B8AA006B12E7 /* LaunchScreen.storyboard in Resources */,
				0D04D00323B2B8AA006B12E7 /* Assets.xcassets in Resources */,
				0D04D00123B2B8A7006B12E7 /* Main.storyboard in Resources */,
			);
			runOnlyForDeploymentPostprocessing = 0;
		};
		0D04D00A23B2B8AB006B12E7 /* Resources */ = {
			isa = PBXResourcesBuildPhase;
			buildActionMask = 2147483647;
			files = (
			);
			runOnlyForDeploymentPostprocessing = 0;
		};
		0D04D01523B2B8AB006B12E7 /* Resources */ = {
			isa = PBXResourcesBuildPhase;
			buildActionMask = 2147483647;
			files = (
			);
			runOnlyForDeploymentPostprocessing = 0;
		};
/* End PBXResourcesBuildPhase section */

/* Begin PBXSourcesBuildPhase section */
		0D04CFF223B2B8A7006B12E7 /* Sources */ = {
			isa = PBXSourcesBuildPhase;
			buildActionMask = 2147483647;
			files = (
				0D04CFFE23B2B8A7006B12E7 /* ViewController.swift in Sources */,
				0D04CFFA23B2B8A7006B12E7 /* AppDelegate.swift in Sources */,
				0D04CFFC23B2B8A7006B12E7 /* SceneDelegate.swift in Sources */,
			);
			runOnlyForDeploymentPostprocessing = 0;
		};
		0D04D00823B2B8AB006B12E7 /* Sources */ = {
			isa = PBXSourcesBuildPhase;
			buildActionMask = 2147483647;
			files = (
				0D04D01123B2B8AB006B12E7 /* HelloWorldDemoTests.swift in Sources */,
			);
			runOnlyForDeploymentPostprocessing = 0;
		};
		0D04D01323B2B8AB006B12E7 /* Sources */ = {
			isa = PBXSourcesBuildPhase;
			buildActionMask = 2147483647;
			files = (
				0D04D01C23B2B8AB006B12E7 /* HelloWorldDemoUITests.swift in Sources */,
			);
			runOnlyForDeploymentPostprocessing = 0;
		};
/* End PBXSourcesBuildPhase section */

/* Begin PBXTargetDependency section */
		0D04D00E23B2B8AB006B12E7 /* PBXTargetDependency */ = {
			isa = PBXTargetDependency;
			target = 0D04CFF523B2B8A7006B12E7 /* HelloWorldDemo */;
			targetProxy = 0D04D00D23B2B8AB006B12E7 /* PBXContainerItemProxy */;
		};
		0D04D01923B2B8AB006B12E7 /* PBXTargetDependency */ = {
			isa = PBXTargetDependency;
			target = 0D04CFF523B2B8A7006B12E7 /* HelloWorldDemo */;
			targetProxy = 0D04D01823B2B8AB006B12E7 /* PBXContainerItemProxy */;
		};
/* End PBXTargetDependency section */

/* Begin PBXVariantGroup section */
		0D04CFFF23B2B8A7006B12E7 /* Main.storyboard */ = {
			isa = PBXVariantGroup;
			children = (
				0D04D00023B2B8A7006B12E7 /* Base */,
			);
			name = Main.storyboard;
			sourceTree = "<group>";
		};
		0D04D00423B2B8AA006B12E7 /* LaunchScreen.storyboard */ = {
			isa = PBXVariantGroup;
			children = (
				0D04D00523B2B8AA006B12E7 /* Base */,
			);
			name = LaunchScreen.storyboard;
			sourceTree = "<group>";
		};
/* End PBXVariantGroup section */

/* Begin XCBuildConfiguration section */
		0D04D01E23B2B8AB006B12E7 /* Debug */ = {
			isa = XCBuildConfiguration;
			buildSettings = {
				ALWAYS_SEARCH_USER_PATHS = NO;
				CLANG_ANALYZER_NONNULL = YES;
				CLANG_ANALYZER_NUMBER_OBJECT_CONVERSION = YES_AGGRESSIVE;
				CLANG_CXX_LANGUAGE_STANDARD = "gnu++14";
				CLANG_CXX_LIBRARY = "libc++";
				CLANG_ENABLE_MODULES = YES;
				CLANG_ENABLE_OBJC_ARC = YES;
				CLANG_ENABLE_OBJC_WEAK = YES;
				CLANG_WARN_BLOCK_CAPTURE_AUTORELEASING = YES;
				CLANG_WARN_BOOL_CONVERSION = YES;
				CLANG_WARN_COMMA = YES;
				CLANG_WARN_CONSTANT_CONVERSION = YES;
				CLANG_WARN_DEPRECATED_OBJC_IMPLEMENTATIONS = YES;
				CLANG_WARN_DIRECT_OBJC_ISA_USAGE = YES_ERROR;
				CLANG_WARN_DOCUMENTATION_COMMENTS = YES;
				CLANG_WARN_EMPTY_BODY = YES;
				CLANG_WARN_ENUM_CONVERSION = YES;
				CLANG_WARN_INFINITE_RECURSION = YES;
				CLANG_WARN_INT_CONVERSION = YES;
				CLANG_WARN_NON_LITERAL_NULL_CONVERSION = YES;
				CLANG_WARN_OBJC_IMPLICIT_RETAIN_SELF = YES;
				CLANG_WARN_OBJC_LITERAL_CONVERSION = YES;
				CLANG_WARN_OBJC_ROOT_CLASS = YES_ERROR;
				CLANG_WARN_RANGE_LOOP_ANALYSIS = YES;
				CLANG_WARN_STRICT_PROTOTYPES = YES;
				CLANG_WARN_SUSPICIOUS_MOVE = YES;
				CLANG_WARN_UNGUARDED_AVAILABILITY = YES_AGGRESSIVE;
				CLANG_WARN_UNREACHABLE_CODE = YES;
				CLANG_WARN__DUPLICATE_METHOD_MATCH = YES;
				COPY_PHASE_STRIP = NO;
				DEBUG_INFORMATION_FORMAT = dwarf;
				ENABLE_STRICT_OBJC_MSGSEND = YES;
				ENABLE_TESTABILITY = YES;
				GCC_C_LANGUAGE_STANDARD = gnu11;
				GCC_DYNAMIC_NO_PIC = NO;
				GCC_NO_COMMON_BLOCKS = YES;
				GCC_OPTIMIZATION_LEVEL = 0;
				GCC_PREPROCESSOR_DEFINITIONS = (
					"DEBUG=1",
					"$(inherited)",
				);
				GCC_WARN_64_TO_32_BIT_CONVERSION = YES;
				GCC_WARN_ABOUT_RETURN_TYPE = YES_ERROR;
				GCC_WARN_UNDECLARED_SELECTOR = YES;
				GCC_WARN_UNINITIALIZED_AUTOS = YES_AGGRESSIVE;
				GCC_WARN_UNUSED_FUNCTION = YES;
				GCC_WARN_UNUSED_VARIABLE = YES;
				IPHONEOS_DEPLOYMENT_TARGET = 13.2;
				MTL_ENABLE_DEBUG_INFO = INCLUDE_SOURCE;
				MTL_FAST_MATH = YES;
				ONLY_ACTIVE_ARCH = YES;
				SDKROOT = iphoneos;
				SWIFT_ACTIVE_COMPILATION_CONDITIONS = DEBUG;
				SWIFT_OPTIMIZATION_LEVEL = "-Onone";
			};
			name = Debug;
		};
		0D04D01F23B2B8AB006B12E7 /* Release */ = {
			isa = XCBuildConfiguration;
			buildSettings = {
				ALWAYS_SEARCH_USER_PATHS = NO;
				CLANG_ANALYZER_NONNULL = YES;
				CLANG_ANALYZER_NUMBER_OBJECT_CONVERSION = YES_AGGRESSIVE;
				CLANG_CXX_LANGUAGE_STANDARD = "gnu++14";
				CLANG_CXX_LIBRARY = "libc++";
				CLANG_ENABLE_MODULES = YES;
				CLANG_ENABLE_OBJC_ARC = YES;
				CLANG_ENABLE_OBJC_WEAK = YES;
				CLANG_WARN_BLOCK_CAPTURE_AUTORELEASING = YES;
				CLANG_WARN_BOOL_CONVERSION = YES;
				CLANG_WARN_COMMA = YES;
				CLANG_WARN_CONSTANT_CONVERSION = YES;
				CLANG_WARN_DEPRECATED_OBJC_IMPLEMENTATIONS = YES;
				CLANG_WARN_DIRECT_OBJC_ISA_USAGE = YES_ERROR;
				CLANG_WARN_DOCUMENTATION_COMMENTS = YES;
				CLANG_WARN_EMPTY_BODY = YES;
				CLANG_WARN_ENUM_CONVERSION = YES;
				CLANG_WARN_INFINITE_RECURSION = YES;
				CLANG_WARN_INT_CONVERSION = YES;
				CLANG_WARN_NON_LITERAL_NULL_CONVERSION = YES;
				CLANG_WARN_OBJC_IMPLICIT_RETAIN_SELF = YES;
				CLANG_WARN_OBJC_LITERAL_CONVERSION = YES;
				CLANG_WARN_OBJC_ROOT_CLASS = YES_ERROR;
				CLANG_WARN_RANGE_LOOP_ANALYSIS = YES;
				CLANG_WARN_STRICT_PROTOTYPES = YES;
				CLANG_WARN_SUSPICIOUS_MOVE = YES;
				CLANG_WARN_UNGUARDED_AVAILABILITY = YES_AGGRESSIVE;
				CLANG_WARN_UNREACHABLE_CODE = YES;
				CLANG_WARN__DUPLICATE_METHOD_MATCH = YES;
				COPY_PHASE_STRIP = NO;
				DEBUG_INFORMATION_FORMAT = "dwarf-with-dsym";
				ENABLE_NS_ASSERTIONS = NO;
				ENABLE_STRICT_OBJC_MSGSEND = YES;
				GCC_C_LANGUAGE_STANDARD = gnu11;
				GCC_NO_COMMON_BLOCKS = YES;
				GCC_WARN_64_TO_32_BIT_CONVERSION = YES;
				GCC_WARN_ABOUT_RETURN_TYPE = YES_ERROR;
				GCC_WARN_UNDECLARED_SELECTOR = YES;
				GCC_WARN_UNINITIALIZED_AUTOS = YES_AGGRESSIVE;
				GCC_WARN_UNUSED_FUNCTION = YES;
				GCC_WARN_UNUSED_VARIABLE = YES;
				IPHONEOS_DEPLOYMENT_TARGET = 13.2;
				MTL_ENABLE_DEBUG_INFO = NO;
				MTL_FAST_MATH = YES;
				SDKROOT = iphoneos;
				SWIFT_COMPILATION_MODE = wholemodule;
				SWIFT_OPTIMIZATION_LEVEL = "-O";
				VALIDATE_PRODUCT = YES;
			};
			name = Release;
		};
		0D04D02123B2B8AB006B12E7 /* Debug */ = {
			isa = XCBuildConfiguration;
			buildSettings = {
				ASSETCATALOG_COMPILER_APPICON_NAME = AppIcon;
				CODE_SIGN_STYLE = Automatic;
				INFOPLIST_FILE = HelloWorldDemo/Info.plist;
				LD_RUNPATH_SEARCH_PATHS = (
					"$(inherited)",
					"@executable_path/Frameworks",
				);
				PRODUCT_BUNDLE_IDENTIFIER = com.natemek.HelloWorldDemo;
				PRODUCT_NAME = "$(TARGET_NAME)";
				SWIFT_VERSION = 5.0;
				TARGETED_DEVICE_FAMILY = "1,2";
			};
			name = Debug;
		};
		0D04D02223B2B8AB006B12E7 /* Release */ = {
			isa = XCBuildConfiguration;
			buildSettings = {
				ASSETCATALOG_COMPILER_APPICON_NAME = AppIcon;
				CODE_SIGN_STYLE = Automatic;
				INFOPLIST_FILE = HelloWorldDemo/Info.plist;
				LD_RUNPATH_SEARCH_PATHS = (
					"$(inherited)",
					"@executable_path/Frameworks",
				);
				PRODUCT_BUNDLE_IDENTIFIER = com.natemek.HelloWorldDemo;
				PRODUCT_NAME = "$(TARGET_NAME)";
				SWIFT_VERSION = 5.0;
				TARGETED_DEVICE_FAMILY = "1,2";
			};
			name = Release;
		};
		0D04D02423B2B8AB006B12E7 /* Debug */ = {
			isa = XCBuildConfiguration;
			buildSettings = {
				ALWAYS_EMBED_SWIFT_STANDARD_LIBRARIES = YES;
				BUNDLE_LOADER = "$(TEST_HOST)";
				CODE_SIGN_STYLE = Automatic;
				INFOPLIST_FILE = HelloWorldDemoTests/Info.plist;
				IPHONEOS_DEPLOYMENT_TARGET = 13.2;
				LD_RUNPATH_SEARCH_PATHS = (
					"$(inherited)",
					"@executable_path/Frameworks",
					"@loader_path/Frameworks",
				);
				PRODUCT_BUNDLE_IDENTIFIER = com.natemek.HelloWorldDemoTests;
				PRODUCT_NAME = "$(TARGET_NAME)";
				SWIFT_VERSION = 5.0;
				TARGETED_DEVICE_FAMILY = "1,2";
				TEST_HOST = "$(BUILT_PRODUCTS_DIR)/HelloWorldDemo.app/HelloWorldDemo";
			};
			name = Debug;
		};
		0D04D02523B2B8AB006B12E7 /* Release */ = {
			isa = XCBuildConfiguration;
			buildSettings = {
				ALWAYS_EMBED_SWIFT_STANDARD_LIBRARIES = YES;
				BUNDLE_LOADER = "$(TEST_HOST)";
				CODE_SIGN_STYLE = Automatic;
				INFOPLIST_FILE = HelloWorldDemoTests/Info.plist;
				IPHONEOS_DEPLOYMENT_TARGET = 13.2;
				LD_RUNPATH_SEARCH_PATHS = (
					"$(inherited)",
					"@executable_path/Frameworks",
					"@loader_path/Frameworks",
				);
				PRODUCT_BUNDLE_IDENTIFIER = com.natemek.HelloWorldDemoTests;
				PRODUCT_NAME = "$(TARGET_NAME)";
				SWIFT_VERSION = 5.0;
				TARGETED_DEVICE_FAMILY = "1,2";
				TEST_HOST = "$(BUILT_PRODUCTS_DIR)/HelloWorldDemo.app/HelloWorldDemo";
			};
			name = Release;
		};
		0D04D02723B2B8AB006B12E7 /* Debug */ = {
			isa = XCBuildConfiguration;
			buildSettings = {
				ALWAYS_EMBED_SWIFT_STANDARD_LIBRARIES = YES;
				CODE_SIGN_STYLE = Automatic;
				INFOPLIST_FILE = HelloWorldDemoUITests/Info.plist;
				LD_RUNPATH_SEARCH_PATHS = (
					"$(inherited)",
					"@executable_path/Frameworks",
					"@loader_path/Frameworks",
				);
				PRODUCT_BUNDLE_IDENTIFIER = com.natemek.HelloWorldDemoUITests;
				PRODUCT_NAME = "$(TARGET_NAME)";
				SWIFT_VERSION = 5.0;
				TARGETED_DEVICE_FAMILY = "1,2";
				TEST_TARGET_NAME = HelloWorldDemo;
			};
			name = Debug;
		};
		0D04D02823B2B8AB006B12E7 /* Release */ = {
			isa = XCBuildConfiguration;
			buildSettings = {
				ALWAYS_EMBED_SWIFT_STANDARD_LIBRARIES = YES;
				CODE_SIGN_STYLE = Automatic;
				INFOPLIST_FILE = HelloWorldDemoUITests/Info.plist;
				LD_RUNPATH_SEARCH_PATHS = (
					"$(inherited)",
					"@executable_path/Frameworks",
					"@loader_path/Frameworks",
				);
				PRODUCT_BUNDLE_IDENTIFIER = com.natemek.HelloWorldDemoUITests;
				PRODUCT_NAME = "$(TARGET_NAME)";
				SWIFT_VERSION = 5.0;
				TARGETED_DEVICE_FAMILY = "1,2";
				TEST_TARGET_NAME = HelloWorldDemo;
			};
			name = Release;
		};
/* End XCBuildConfiguration section */

/* Begin XCConfigurationList section */
		0D04CFF123B2B8A7006B12E7 /* Build configuration list for PBXProject "HelloWorldDemo" */ = {
			isa = XCConfigurationList;
			buildConfigurations = (
				0D04D01E23B2B8AB006B12E7 /* Debug */,
				0D04D01F23B2B8AB006B12E7 /* Release */,
			);
			defaultConfigurationIsVisible = 0;
			defaultConfigurationName = Release;
		};
		0D04D02023B2B8AB006B12E7 /* Build configuration list for PBXNativeTarget "HelloWorldDemo" */ = {
			isa = XCConfigurationList;
			buildConfigurations = (
				0D04D02123B2B8AB006B12E7 /* Debug */,
				0D04D02223B2B8AB006B12E7 /* Release */,
			);
			defaultConfigurationIsVisible = 0;
			defaultConfigurationName = Release;
		};
		0D04D02323B2B8AB006B12E7 /* Build configuration list for PBXNativeTarget "HelloWorldDemoTests" */ = {
			isa = XCConfigurationList;
			buildConfigurations = (
				0D04D02423B2B8AB006B12E7 /* Debug */,
				0D04D02523B2B8AB006B12E7 /* Release */,
			);
			defaultConfigurationIsVisible = 0;
			defaultConfigurationName = Release;
		};
		0D04D02623B2B8AB006B12E7 /* Build configuration list for PBXNativeTarget "HelloWorldDemoUITests" */ = {
			isa = XCConfigurationList;
			buildConfigurations = (
				0D04D02723B2B8AB006B12E7 /* Debug */,
				0D04D02823B2B8AB006B12E7 /* Release */,
			);
			defaultConfigurationIsVisible = 0;
			defaultConfigurationName = Release;
		};
/* End XCConfigurationList section */
	};
	rootObject = 0D04CFEE23B2B8A7006B12E7 /* Project object */;
}
